
Microsoft Visual Studio Solution File, Format Version 12.00
# Visual Studio Version 16
VisualStudioVersion = 16.0.31702.278
MinimumVisualStudioVersion = 10.0.40219.1
Project("{9A19103F-16F7-4668-BE54-9A1E7A4F7556}") = "AnPhuocShop.Web", "AnPhuocShop.Web\AnPhuocShop.Web.csproj", "{B1867A26-4A17-45B7-BED7-D919FE73F7DC}"
EndProject
Project("{9A19103F-16F7-4668-BE54-9A1E7A4F7556}") = "AnPhuocShop.Models", "AnPhuocShop.Models\AnPhuocShop.Models.csproj", "{AE4728EB-0641-4CD2-92CF-C21D4313256B}"
EndProject
Project("{9A19103F-16F7-4668-BE54-9A1E7A4F7556}") = "AnPhuocShop.Api", "AnPhuocShop.Api\AnPhuocShop.Api.csproj", "{74CE2DEA-1562-466B-98A3-9673B9191348}"
EndProject
Global
	GlobalSection(SolutionConfigurationPlatforms) = preSolution
		Debug|Any CPU = Debug|Any CPU
		Release|Any CPU = Release|Any CPU
	EndGlobalSection
	GlobalSection(ProjectConfigurationPlatforms) = postSolution
		{B1867A26-4A17-45B7-BED7-D919FE73F7DC}.Debug|Any CPU.ActiveCfg = Debug|Any CPU
		{B1867A26-4A17-45B7-BED7-D919FE73F7DC}.Debug|Any CPU.Build.0 = Debug|Any CPU
		{B1867A26-4A17-45B7-BED7-D919FE73F7DC}.Release|Any CPU.ActiveCfg = Release|Any CPU
		{B1867A26-4A17-45B7-BED7-D919FE73F7DC}.Release|Any CPU.Build.0 = Release|Any CPU
		{AE4728EB-0641-4CD2-92CF-C21D4313256B}.Debug|Any CPU.ActiveCfg = Debug|Any CPU
		{AE4728EB-0641-4CD2-92CF-C21D4313256B}.Debug|Any CPU.Build.0 = Debug|Any CPU
		{AE4728EB-0641-4CD2-92CF-C21D4313256B}.Release|Any CPU.ActiveCfg = Release|Any CPU
		{AE4728EB-0641-4CD2-92CF-C21D4313256B}.Release|Any CPU.Build.0 = Release|Any CPU
		{74CE2DEA-1562-466B-98A3-9673B9191348}.Debug|Any CPU.ActiveCfg = Debug|Any CPU
		{74CE2DEA-1562-466B-98A3-9673B9191348}.Debug|Any CPU.Build.0 = Debug|Any CPU
		{74CE2DEA-1562-466B-98A3-9673B9191348}.Release|Any CPU.ActiveCfg = Release|Any CPU
		{74CE2DEA-1562-466B-98A3-9673B9191348}.Release|Any CPU.Build.0 = Release|Any CPU
	EndGlobalSection
	GlobalSection(SolutionProperties) = preSolution
		HideSolutionNode = FALSE
	EndGlobalSection
	GlobalSection(ExtensibilityGlobals) = postSolution
		SolutionGuid = {CCFDFC76-D127-48D8-A407-2AA12ECBBD03}
	EndGlobalSection
EndGlobal
